// !$*UTF8*$!
{
	archiveVersion = 1;
	classes = {
	};
	objectVersion = 52;
	objects = {

/* Begin PBXBuildFile section */
		4B408FF724E68ADC0082CCB9 /* PTTApp.swift in Sources */ = {isa = PBXBuildFile; fileRef = 4B408FE424E68AD80082CCB9 /* PTTApp.swift */; };
		4B408FF824E68ADC0082CCB9 /* PTTApp.swift in Sources */ = {isa = PBXBuildFile; fileRef = 4B408FE424E68AD80082CCB9 /* PTTApp.swift */; };
		4B408FF924E68ADC0082CCB9 /* ContentView.swift in Sources */ = {isa = PBXBuildFile; fileRef = 4B408FE524E68AD80082CCB9 /* ContentView.swift */; };
		4B408FFA24E68ADC0082CCB9 /* ContentView.swift in Sources */ = {isa = PBXBuildFile; fileRef = 4B408FE524E68AD80082CCB9 /* ContentView.swift */; };
		4B408FFB24E68ADC0082CCB9 /* Assets.xcassets in Resources */ = {isa = PBXBuildFile; fileRef = 4B408FE624E68ADC0082CCB9 /* Assets.xcassets */; };
		4B408FFC24E68ADC0082CCB9 /* Assets.xcassets in Resources */ = {isa = PBXBuildFile; fileRef = 4B408FE624E68ADC0082CCB9 /* Assets.xcassets */; };
		4B40900624E68AFD0082CCB9 /* LoginView.swift in Sources */ = {isa = PBXBuildFile; fileRef = 4B40900524E68AFD0082CCB9 /* LoginView.swift */; };
		4B40900724E68AFD0082CCB9 /* LoginView.swift in Sources */ = {isa = PBXBuildFile; fileRef = 4B40900524E68AFD0082CCB9 /* LoginView.swift */; };
		4B40900924E690210082CCB9 /* BoardView.swift in Sources */ = {isa = PBXBuildFile; fileRef = 4B40900824E690210082CCB9 /* BoardView.swift */; };
		4B40900A24E690210082CCB9 /* BoardView.swift in Sources */ = {isa = PBXBuildFile; fileRef = 4B40900824E690210082CCB9 /* BoardView.swift */; };
		4B40900C24E691260082CCB9 /* BoardListView.swift in Sources */ = {isa = PBXBuildFile; fileRef = 4B40900B24E691260082CCB9 /* BoardListView.swift */; };
		4B40900D24E691260082CCB9 /* BoardListView.swift in Sources */ = {isa = PBXBuildFile; fileRef = 4B40900B24E691260082CCB9 /* BoardListView.swift */; };
		4B40901224E6A8F50082CCB9 /* Connection.swift in Sources */ = {isa = PBXBuildFile; fileRef = 4B40901124E6A8F50082CCB9 /* Connection.swift */; };
		4B40901324E6A8F50082CCB9 /* Connection.swift in Sources */ = {isa = PBXBuildFile; fileRef = 4B40901124E6A8F50082CCB9 /* Connection.swift */; };
		4B40901924EA2F850082CCB9 /* SocketIO in Frameworks */ = {isa = PBXBuildFile; productRef = 4B40901824EA2F850082CCB9 /* SocketIO */; };
		4B40901B24EA56830082CCB9 /* PostView.swift in Sources */ = {isa = PBXBuildFile; fileRef = 4B40901A24EA56830082CCB9 /* PostView.swift */; };
		4B40901C24EA56830082CCB9 /* PostView.swift in Sources */ = {isa = PBXBuildFile; fileRef = 4B40901A24EA56830082CCB9 /* PostView.swift */; };
		4B40901E24EA59F20082CCB9 /* PostListView.swift in Sources */ = {isa = PBXBuildFile; fileRef = 4B40901D24EA59F20082CCB9 /* PostListView.swift */; };
		4B40901F24EA59F20082CCB9 /* PostListView.swift in Sources */ = {isa = PBXBuildFile; fileRef = 4B40901D24EA59F20082CCB9 /* PostListView.swift */; };
/* End PBXBuildFile section */

/* Begin PBXFileReference section */
		4B408FE424E68AD80082CCB9 /* PTTApp.swift */ = {isa = PBXFileReference; lastKnownFileType = sourcecode.swift; path = PTTApp.swift; sourceTree = "<group>"; };
		4B408FE524E68AD80082CCB9 /* ContentView.swift */ = {isa = PBXFileReference; lastKnownFileType = sourcecode.swift; path = ContentView.swift; sourceTree = "<group>"; };
		4B408FE624E68ADC0082CCB9 /* Assets.xcassets */ = {isa = PBXFileReference; lastKnownFileType = folder.assetcatalog; path = Assets.xcassets; sourceTree = "<group>"; };
		4B408FEB24E68ADC0082CCB9 /* PTT.app */ = {isa = PBXFileReference; explicitFileType = wrapper.application; includeInIndex = 0; path = PTT.app; sourceTree = BUILT_PRODUCTS_DIR; };
		4B408FEE24E68ADC0082CCB9 /* Info.plist */ = {isa = PBXFileReference; lastKnownFileType = text.plist.xml; path = Info.plist; sourceTree = "<group>"; };
		4B408FF324E68ADC0082CCB9 /* PTT.app */ = {isa = PBXFileReference; explicitFileType = wrapper.application; includeInIndex = 0; path = PTT.app; sourceTree = BUILT_PRODUCTS_DIR; };
		4B408FF524E68ADC0082CCB9 /* Info.plist */ = {isa = PBXFileReference; lastKnownFileType = text.plist.xml; path = Info.plist; sourceTree = "<group>"; };
		4B408FF624E68ADC0082CCB9 /* macOS.entitlements */ = {isa = PBXFileReference; lastKnownFileType = text.plist.entitlements; path = macOS.entitlements; sourceTree = "<group>"; };
		4B40900524E68AFD0082CCB9 /* LoginView.swift */ = {isa = PBXFileReference; lastKnownFileType = sourcecode.swift; path = LoginView.swift; sourceTree = "<group>"; };
		4B40900824E690210082CCB9 /* BoardView.swift */ = {isa = PBXFileReference; lastKnownFileType = sourcecode.swift; path = BoardView.swift; sourceTree = "<group>"; };
		4B40900B24E691260082CCB9 /* BoardListView.swift */ = {isa = PBXFileReference; lastKnownFileType = sourcecode.swift; path = BoardListView.swift; sourceTree = "<group>"; };
		4B40901124E6A8F50082CCB9 /* Connection.swift */ = {isa = PBXFileReference; lastKnownFileType = sourcecode.swift; path = Connection.swift; sourceTree = "<group>"; };
		4B40901A24EA56830082CCB9 /* PostView.swift */ = {isa = PBXFileReference; lastKnownFileType = sourcecode.swift; path = PostView.swift; sourceTree = "<group>"; };
		4B40901D24EA59F20082CCB9 /* PostListView.swift */ = {isa = PBXFileReference; lastKnownFileType = sourcecode.swift; path = PostListView.swift; sourceTree = "<group>"; };
/* End PBXFileReference section */

/* Begin PBXFrameworksBuildPhase section */
		4B408FE824E68ADC0082CCB9 /* Frameworks */ = {
			isa = PBXFrameworksBuildPhase;
			buildActionMask = 2147483647;
			files = (
				4B40901924EA2F850082CCB9 /* SocketIO in Frameworks */,
			);
			runOnlyForDeploymentPostprocessing = 0;
		};
		4B408FF024E68ADC0082CCB9 /* Frameworks */ = {
			isa = PBXFrameworksBuildPhase;
			buildActionMask = 2147483647;
			files = (
			);
			runOnlyForDeploymentPostprocessing = 0;
		};
/* End PBXFrameworksBuildPhase section */

/* Begin PBXGroup section */
		4B408FDE24E68AD80082CCB9 = {
			isa = PBXGroup;
			children = (
				4B408FE324E68AD80082CCB9 /* Shared */,
				4B408FED24E68ADC0082CCB9 /* iOS */,
				4B408FF424E68ADC0082CCB9 /* macOS */,
				4B408FEC24E68ADC0082CCB9 /* Products */,
				4B40901424E6A9180082CCB9 /* Frameworks */,
			);
			sourceTree = "<group>";
		};
		4B408FE324E68AD80082CCB9 /* Shared */ = {
			isa = PBXGroup;
			children = (
				4B408FE424E68AD80082CCB9 /* PTTApp.swift */,
				4B408FE524E68AD80082CCB9 /* ContentView.swift */,
				4B40900524E68AFD0082CCB9 /* LoginView.swift */,
				4B40900824E690210082CCB9 /* BoardView.swift */,
				4B40900B24E691260082CCB9 /* BoardListView.swift */,
				4B40901A24EA56830082CCB9 /* PostView.swift */,
				4B40901D24EA59F20082CCB9 /* PostListView.swift */,
				4B40901124E6A8F50082CCB9 /* Connection.swift */,
				4B408FE624E68ADC0082CCB9 /* Assets.xcassets */,
			);
			path = Shared;
			sourceTree = "<group>";
		};
		4B408FEC24E68ADC0082CCB9 /* Products */ = {
			isa = PBXGroup;
			children = (
				4B408FEB24E68ADC0082CCB9 /* PTT.app */,
				4B408FF324E68ADC0082CCB9 /* PTT.app */,
			);
			name = Products;
			sourceTree = "<group>";
		};
		4B408FED24E68ADC0082CCB9 /* iOS */ = {
			isa = PBXGroup;
			children = (
				4B408FEE24E68ADC0082CCB9 /* Info.plist */,
			);
			path = iOS;
			sourceTree = "<group>";
		};
		4B408FF424E68ADC0082CCB9 /* macOS */ = {
			isa = PBXGroup;
			children = (
				4B408FF524E68ADC0082CCB9 /* Info.plist */,
				4B408FF624E68ADC0082CCB9 /* macOS.entitlements */,
			);
			path = macOS;
			sourceTree = "<group>";
		};
		4B40901424E6A9180082CCB9 /* Frameworks */ = {
			isa = PBXGroup;
			children = (
			);
			name = Frameworks;
			sourceTree = "<group>";
		};
/* End PBXGroup section */

/* Begin PBXNativeTarget section */
		4B408FEA24E68ADC0082CCB9 /* PTT (iOS) */ = {
			isa = PBXNativeTarget;
			buildConfigurationList = 4B408FFF24E68ADC0082CCB9 /* Build configuration list for PBXNativeTarget "PTT (iOS)" */;
			buildPhases = (
				4B408FE724E68ADC0082CCB9 /* Sources */,
				4B408FE824E68ADC0082CCB9 /* Frameworks */,
				4B408FE924E68ADC0082CCB9 /* Resources */,
			);
			buildRules = (
			);
			dependencies = (
			);
			name = "PTT (iOS)";
			packageProductDependencies = (
				4B40901824EA2F850082CCB9 /* SocketIO */,
			);
			productName = "PTT (iOS)";
			productReference = 4B408FEB24E68ADC0082CCB9 /* PTT.app */;
			productType = "com.apple.product-type.application";
		};
		4B408FF224E68ADC0082CCB9 /* PTT (macOS) */ = {
			isa = PBXNativeTarget;
			buildConfigurationList = 4B40900224E68ADC0082CCB9 /* Build configuration list for PBXNativeTarget "PTT (macOS)" */;
			buildPhases = (
				4B408FEF24E68ADC0082CCB9 /* Sources */,
				4B408FF024E68ADC0082CCB9 /* Frameworks */,
				4B408FF124E68ADC0082CCB9 /* Resources */,
			);
			buildRules = (
			);
			dependencies = (
			);
			name = "PTT (macOS)";
			packageProductDependencies = (
			);
			productName = "PTT (macOS)";
			productReference = 4B408FF324E68ADC0082CCB9 /* PTT.app */;
			productType = "com.apple.product-type.application";
		};
/* End PBXNativeTarget section */

/* Begin PBXProject section */
		4B408FDF24E68AD80082CCB9 /* Project object */ = {
			isa = PBXProject;
			attributes = {
				LastSwiftUpdateCheck = 1200;
				LastUpgradeCheck = 1200;
				TargetAttributes = {
					4B408FEA24E68ADC0082CCB9 = {
						CreatedOnToolsVersion = 12.0;
					};
					4B408FF224E68ADC0082CCB9 = {
						CreatedOnToolsVersion = 12.0;
					};
				};
			};
			buildConfigurationList = 4B408FE224E68AD80082CCB9 /* Build configuration list for PBXProject "PTT" */;
			compatibilityVersion = "Xcode 9.3";
			developmentRegion = en;
			hasScannedForEncodings = 0;
			knownRegions = (
				en,
				Base,
			);
			mainGroup = 4B408FDE24E68AD80082CCB9;
			packageReferences = (
				4B40901724EA2F850082CCB9 /* XCRemoteSwiftPackageReference "socket" */,
			);
			productRefGroup = 4B408FEC24E68ADC0082CCB9 /* Products */;
			projectDirPath = "";
			projectRoot = "";
			targets = (
				4B408FEA24E68ADC0082CCB9 /* PTT (iOS) */,
				4B408FF224E68ADC0082CCB9 /* PTT (macOS) */,
			);
		};
/* End PBXProject section */

/* Begin PBXResourcesBuildPhase section */
		4B408FE924E68ADC0082CCB9 /* Resources */ = {
			isa = PBXResourcesBuildPhase;
			buildActionMask = 2147483647;
			files = (
				4B408FFB24E68ADC0082CCB9 /* Assets.xcassets in Resources */,
			);
			runOnlyForDeploymentPostprocessing = 0;
		};
		4B408FF124E68ADC0082CCB9 /* Resources */ = {
			isa = PBXResourcesBuildPhase;
			buildActionMask = 2147483647;
			files = (
				4B408FFC24E68ADC0082CCB9 /* Assets.xcassets in Resources */,
			);
			runOnlyForDeploymentPostprocessing = 0;
		};
/* End PBXResourcesBuildPhase section */

/* Begin PBXSourcesBuildPhase section */
		4B408FE724E68ADC0082CCB9 /* Sources */ = {
			isa = PBXSourcesBuildPhase;
			buildActionMask = 2147483647;
			files = (
				4B40901B24EA56830082CCB9 /* PostView.swift in Sources */,
				4B40900624E68AFD0082CCB9 /* LoginView.swift in Sources */,
				4B40901E24EA59F20082CCB9 /* PostListView.swift in Sources */,
				4B40901224E6A8F50082CCB9 /* Connection.swift in Sources */,
				4B40900C24E691260082CCB9 /* BoardListView.swift in Sources */,
				4B40900924E690210082CCB9 /* BoardView.swift in Sources */,
				4B408FF924E68ADC0082CCB9 /* ContentView.swift in Sources */,
				4B408FF724E68ADC0082CCB9 /* PTTApp.swift in Sources */,
			);
			runOnlyForDeploymentPostprocessing = 0;
		};
		4B408FEF24E68ADC0082CCB9 /* Sources */ = {
			isa = PBXSourcesBuildPhase;
			buildActionMask = 2147483647;
			files = (
				4B40901C24EA56830082CCB9 /* PostView.swift in Sources */,
				4B40900724E68AFD0082CCB9 /* LoginView.swift in Sources */,
				4B40901F24EA59F20082CCB9 /* PostListView.swift in Sources */,
				4B40901324E6A8F50082CCB9 /* Connection.swift in Sources */,
				4B40900D24E691260082CCB9 /* BoardListView.swift in Sources */,
				4B40900A24E690210082CCB9 /* BoardView.swift in Sources */,
				4B408FFA24E68ADC0082CCB9 /* ContentView.swift in Sources */,
				4B408FF824E68ADC0082CCB9 /* PTTApp.swift in Sources */,
			);
			runOnlyForDeploymentPostprocessing = 0;
		};
/* End PBXSourcesBuildPhase section */

/* Begin XCBuildConfiguration section */
		4B408FFD24E68ADC0082CCB9 /* Debug */ = {
			isa = XCBuildConfiguration;
			buildSettings = {
				ALWAYS_SEARCH_USER_PATHS = NO;
				CLANG_ANALYZER_NONNULL = YES;
				CLANG_ANALYZER_NUMBER_OBJECT_CONVERSION = YES_AGGRESSIVE;
				CLANG_CXX_LANGUAGE_STANDARD = "gnu++14";
				CLANG_CXX_LIBRARY = "libc++";
				CLANG_ENABLE_MODULES = YES;
				CLANG_ENABLE_OBJC_ARC = YES;
				CLANG_ENABLE_OBJC_WEAK = YES;
				CLANG_WARN_BLOCK_CAPTURE_AUTORELEASING = YES;
				CLANG_WARN_BOOL_CONVERSION = YES;
				CLANG_WARN_COMMA = YES;
				CLANG_WARN_CONSTANT_CONVERSION = YES;
				CLANG_WARN_DEPRECATED_OBJC_IMPLEMENTATIONS = YES;
				CLANG_WARN_DIRECT_OBJC_ISA_USAGE = YES_ERROR;
				CLANG_WARN_DOCUMENTATION_COMMENTS = YES;
				CLANG_WARN_EMPTY_BODY = YES;
				CLANG_WARN_ENUM_CONVERSION = YES;
				CLANG_WARN_INFINITE_RECURSION = YES;
				CLANG_WARN_INT_CONVERSION = YES;
				CLANG_WARN_NON_LITERAL_NULL_CONVERSION = YES;
				CLANG_WARN_OBJC_IMPLICIT_RETAIN_SELF = YES;
				CLANG_WARN_OBJC_LITERAL_CONVERSION = YES;
				CLANG_WARN_OBJC_ROOT_CLASS = YES_ERROR;
				CLANG_WARN_QUOTED_INCLUDE_IN_FRAMEWORK_HEADER = YES;
				CLANG_WARN_RANGE_LOOP_ANALYSIS = YES;
				CLANG_WARN_STRICT_PROTOTYPES = YES;
				CLANG_WARN_SUSPICIOUS_MOVE = YES;
				CLANG_WARN_UNGUARDED_AVAILABILITY = YES_AGGRESSIVE;
				CLANG_WARN_UNREACHABLE_CODE = YES;
				CLANG_WARN__DUPLICATE_METHOD_MATCH = YES;
				COPY_PHASE_STRIP = NO;
				DEBUG_INFORMATION_FORMAT = dwarf;
				ENABLE_STRICT_OBJC_MSGSEND = YES;
				ENABLE_TESTABILITY = YES;
				GCC_C_LANGUAGE_STANDARD = gnu11;
				GCC_DYNAMIC_NO_PIC = NO;
				GCC_NO_COMMON_BLOCKS = YES;
				GCC_OPTIMIZATION_LEVEL = 0;
				GCC_PREPROCESSOR_DEFINITIONS = (
					"DEBUG=1",
					"$(inherited)",
				);
				GCC_WARN_64_TO_32_BIT_CONVERSION = YES;
				GCC_WARN_ABOUT_RETURN_TYPE = YES_ERROR;
				GCC_WARN_UNDECLARED_SELECTOR = YES;
				GCC_WARN_UNINITIALIZED_AUTOS = YES_AGGRESSIVE;
				GCC_WARN_UNUSED_FUNCTION = YES;
				GCC_WARN_UNUSED_VARIABLE = YES;
				MTL_ENABLE_DEBUG_INFO = INCLUDE_SOURCE;
				MTL_FAST_MATH = YES;
				ONLY_ACTIVE_ARCH = YES;
				SWIFT_ACTIVE_COMPILATION_CONDITIONS = DEBUG;
				SWIFT_OPTIMIZATION_LEVEL = "-Onone";
			};
			name = Debug;
		};
		4B408FFE24E68ADC0082CCB9 /* Release */ = {
			isa = XCBuildConfiguration;
			buildSettings = {
				ALWAYS_SEARCH_USER_PATHS = NO;
				CLANG_ANALYZER_NONNULL = YES;
				CLANG_ANALYZER_NUMBER_OBJECT_CONVERSION = YES_AGGRESSIVE;
				CLANG_CXX_LANGUAGE_STANDARD = "gnu++14";
				CLANG_CXX_LIBRARY = "libc++";
				CLANG_ENABLE_MODULES = YES;
				CLANG_ENABLE_OBJC_ARC = YES;
				CLANG_ENABLE_OBJC_WEAK = YES;
				CLANG_WARN_BLOCK_CAPTURE_AUTORELEASING = YES;
				CLANG_WARN_BOOL_CONVERSION = YES;
				CLANG_WARN_COMMA = YES;
				CLANG_WARN_CONSTANT_CONVERSION = YES;
				CLANG_WARN_DEPRECATED_OBJC_IMPLEMENTATIONS = YES;
				CLANG_WARN_DIRECT_OBJC_ISA_USAGE = YES_ERROR;
				CLANG_WARN_DOCUMENTATION_COMMENTS = YES;
				CLANG_WARN_EMPTY_BODY = YES;
				CLANG_WARN_ENUM_CONVERSION = YES;
				CLANG_WARN_INFINITE_RECURSION = YES;
				CLANG_WARN_INT_CONVERSION = YES;
				CLANG_WARN_NON_LITERAL_NULL_CONVERSION = YES;
				CLANG_WARN_OBJC_IMPLICIT_RETAIN_SELF = YES;
				CLANG_WARN_OBJC_LITERAL_CONVERSION = YES;
				CLANG_WARN_OBJC_ROOT_CLASS = YES_ERROR;
				CLANG_WARN_QUOTED_INCLUDE_IN_FRAMEWORK_HEADER = YES;
				CLANG_WARN_RANGE_LOOP_ANALYSIS = YES;
				CLANG_WARN_STRICT_PROTOTYPES = YES;
				CLANG_WARN_SUSPICIOUS_MOVE = YES;
				CLANG_WARN_UNGUARDED_AVAILABILITY = YES_AGGRESSIVE;
				CLANG_WARN_UNREACHABLE_CODE = YES;
				CLANG_WARN__DUPLICATE_METHOD_MATCH = YES;
				COPY_PHASE_STRIP = NO;
				DEBUG_INFORMATION_FORMAT = "dwarf-with-dsym";
				ENABLE_NS_ASSERTIONS = NO;
				ENABLE_STRICT_OBJC_MSGSEND = YES;
				GCC_C_LANGUAGE_STANDARD = gnu11;
				GCC_NO_COMMON_BLOCKS = YES;
				GCC_WARN_64_TO_32_BIT_CONVERSION = YES;
				GCC_WARN_ABOUT_RETURN_TYPE = YES_ERROR;
				GCC_WARN_UNDECLARED_SELECTOR = YES;
				GCC_WARN_UNINITIALIZED_AUTOS = YES_AGGRESSIVE;
				GCC_WARN_UNUSED_FUNCTION = YES;
				GCC_WARN_UNUSED_VARIABLE = YES;
				MTL_ENABLE_DEBUG_INFO = NO;
				MTL_FAST_MATH = YES;
				SWIFT_COMPILATION_MODE = wholemodule;
				SWIFT_OPTIMIZATION_LEVEL = "-O";
			};
			name = Release;
		};
		4B40900024E68ADC0082CCB9 /* Debug */ = {
			isa = XCBuildConfiguration;
			buildSettings = {
				ASSETCATALOG_COMPILER_APPICON_NAME = AppIcon;
				ASSETCATALOG_COMPILER_GLOBAL_ACCENT_COLOR_NAME = AccentColor;
				CODE_SIGN_STYLE = Automatic;
				DEVELOPMENT_TEAM = KJP5VZ2QJA;
				ENABLE_PREVIEWS = YES;
				INFOPLIST_FILE = iOS/Info.plist;
				IPHONEOS_DEPLOYMENT_TARGET = 14.0;
				LD_RUNPATH_SEARCH_PATHS = (
					"$(inherited)",
					"@executable_path/Frameworks",
				);
				PRODUCT_BUNDLE_IDENTIFIER = com.prime.PTT;
				PRODUCT_NAME = PTT;
				SDKROOT = iphoneos;
				SWIFT_VERSION = 5.0;
				TARGETED_DEVICE_FAMILY = "1,2";
			};
			name = Debug;
		};
		4B40900124E68ADC0082CCB9 /* Release */ = {
			isa = XCBuildConfiguration;
			buildSettings = {
				ASSETCATALOG_COMPILER_APPICON_NAME = AppIcon;
				ASSETCATALOG_COMPILER_GLOBAL_ACCENT_COLOR_NAME = AccentColor;
				CODE_SIGN_STYLE = Automatic;
				DEVELOPMENT_TEAM = KJP5VZ2QJA;
				ENABLE_PREVIEWS = YES;
				INFOPLIST_FILE = iOS/Info.plist;
				IPHONEOS_DEPLOYMENT_TARGET = 14.0;
				LD_RUNPATH_SEARCH_PATHS = (
					"$(inherited)",
					"@executable_path/Frameworks",
				);
				PRODUCT_BUNDLE_IDENTIFIER = com.prime.PTT;
				PRODUCT_NAME = PTT;
				SDKROOT = iphoneos;
				SWIFT_VERSION = 5.0;
				TARGETED_DEVICE_FAMILY = "1,2";
				VALIDATE_PRODUCT = YES;
			};
			name = Release;
		};
		4B40900324E68ADC0082CCB9 /* Debug */ = {
			isa = XCBuildConfiguration;
			buildSettings = {
				ASSETCATALOG_COMPILER_APPICON_NAME = AppIcon;
				ASSETCATALOG_COMPILER_GLOBAL_ACCENT_COLOR_NAME = AccentColor;
				CODE_SIGN_ENTITLEMENTS = macOS/macOS.entitlements;
				CODE_SIGN_STYLE = Automatic;
				COMBINE_HIDPI_IMAGES = YES;
				DEVELOPMENT_TEAM = KJP5VZ2QJA;
				ENABLE_HARDENED_RUNTIME = YES;
				ENABLE_PREVIEWS = YES;
				INFOPLIST_FILE = macOS/Info.plist;
				LD_RUNPATH_SEARCH_PATHS = (
					"$(inherited)",
					"@executable_path/../Frameworks",
				);
				MACOSX_DEPLOYMENT_TARGET = 11.0;
				PRODUCT_BUNDLE_IDENTIFIER = com.prime.PTT;
				PRODUCT_NAME = PTT;
				SDKROOT = macosx;
				SWIFT_VERSION = 5.0;
			};
			name = Debug;
		};
		4B40900424E68ADC0082CCB9 /* Release */ = {
			isa = XCBuildConfiguration;
			buildSettings = {
				ASSETCATALOG_COMPILER_APPICON_NAME = AppIcon;
				ASSETCATALOG_COMPILER_GLOBAL_ACCENT_COLOR_NAME = AccentColor;
				CODE_SIGN_ENTITLEMENTS = macOS/macOS.entitlements;
				CODE_SIGN_STYLE = Automatic;
				COMBINE_HIDPI_IMAGES = YES;
				DEVELOPMENT_TEAM = KJP5VZ2QJA;
				ENABLE_HARDENED_RUNTIME = YES;
				ENABLE_PREVIEWS = YES;
				INFOPLIST_FILE = macOS/Info.plist;
				LD_RUNPATH_SEARCH_PATHS = (
					"$(inherited)",
					"@executable_path/../Frameworks",
				);
				MACOSX_DEPLOYMENT_TARGET = 11.0;
				PRODUCT_BUNDLE_IDENTIFIER = com.prime.PTT;
				PRODUCT_NAME = PTT;
				SDKROOT = macosx;
				SWIFT_VERSION = 5.0;
			};
			name = Release;
		};
/* End XCBuildConfiguration section */

/* Begin XCConfigurationList section */
		4B408FE224E68AD80082CCB9 /* Build configuration list for PBXProject "PTT" */ = {
			isa = XCConfigurationList;
			buildConfigurations = (
				4B408FFD24E68ADC0082CCB9 /* Debug */,
				4B408FFE24E68ADC0082CCB9 /* Release */,
			);
			defaultConfigurationIsVisible = 0;
			defaultConfigurationName = Release;
		};
		4B408FFF24E68ADC0082CCB9 /* Build configuration list for PBXNativeTarget "PTT (iOS)" */ = {
			isa = XCConfigurationList;
			buildConfigurations = (
				4B40900024E68ADC0082CCB9 /* Debug */,
				4B40900124E68ADC0082CCB9 /* Release */,
			);
			defaultConfigurationIsVisible = 0;
			defaultConfigurationName = Release;
		};
		4B40900224E68ADC0082CCB9 /* Build configuration list for PBXNativeTarget "PTT (macOS)" */ = {
			isa = XCConfigurationList;
			buildConfigurations = (
				4B40900324E68ADC0082CCB9 /* Debug */,
				4B40900424E68ADC0082CCB9 /* Release */,
			);
			defaultConfigurationIsVisible = 0;
			defaultConfigurationName = Release;
		};
/* End XCConfigurationList section */

/* Begin XCRemoteSwiftPackageReference section */
		4B40901724EA2F850082CCB9 /* XCRemoteSwiftPackageReference "socket" */ = {
			isa = XCRemoteSwiftPackageReference;
			repositoryURL = "https://github.com/socketio/socket.io-client-swift";
			requirement = {
				kind = upToNextMajorVersion;
				minimumVersion = 15.2.0;
			};
		};
/* End XCRemoteSwiftPackageReference section */

/* Begin XCSwiftPackageProductDependency section */
		4B40901824EA2F850082CCB9 /* SocketIO */ = {
			isa = XCSwiftPackageProductDependency;
			package = 4B40901724EA2F850082CCB9 /* XCRemoteSwiftPackageReference "socket" */;
			productName = SocketIO;
		};
/* End XCSwiftPackageProductDependency section */
	};
	rootObject = 4B408FDF24E68AD80082CCB9 /* Project object */;
}
